
Microsoft Visual Studio Solution File, Format Version 12.00
# Visual Studio Version 16
VisualStudioVersion = 16.0.30503.244
MinimumVisualStudioVersion = 10.0.40219.1
Project("{FAE04EC0-301F-11D3-BF4B-00C04F79EFBC}") = "Entidades", "Entidades\Entidades.csproj", "{71E293D6-F765-4342-885C-3F2EE84B1DFC}"
EndProject
Global
	GlobalSection(SolutionConfigurationPlatforms) = preSolution
		Debug|Any CPU = Debug|Any CPU
		Release|Any CPU = Release|Any CPU
	EndGlobalSection
	GlobalSection(ProjectConfigurationPlatforms) = postSolution
		{71E293D6-F765-4342-885C-3F2EE84B1DFC}.Debug|Any CPU.ActiveCfg = Debug|Any CPU
		{71E293D6-F765-4342-885C-3F2EE84B1DFC}.Debug|Any CPU.Build.0 = Debug|Any CPU
		{71E293D6-F765-4342-885C-3F2EE84B1DFC}.Release|Any CPU.ActiveCfg = Release|Any CPU
		{71E293D6-F765-4342-885C-3F2EE84B1DFC}.Release|Any CPU.Build.0 = Release|Any CPU
	EndGlobalSection
	GlobalSection(SolutionProperties) = preSolution
		HideSolutionNode = FALSE
	EndGlobalSection
	GlobalSection(ExtensibilityGlobals) = postSolution
		SolutionGuid = {C2342C50-9F81-49B9-B315-1075C0AD59EE}
	EndGlobalSection
EndGlobal
